
Microsoft Visual Studio Solution File, Format Version 12.00
# Visual Studio 2013
VisualStudioVersion = 12.0.21005.1
MinimumVisualStudioVersion = 10.0.40219.1
Project("{FAE04EC0-301F-11D3-BF4B-00C04F79EFBC}") = "SRIS.BLL", "SRIS.BLL\SRIS.BLL.csproj", "{390D0517-E721-4F59-B748-FCE53F488482}"
	ProjectSection(ProjectDependencies) = postProject
		{BBADE614-FC7F-4AC8-963E-C854BB238BFF} = {BBADE614-FC7F-4AC8-963E-C854BB238BFF}
		{7713FA48-811B-40D6-8CAD-A88869E7D761} = {7713FA48-811B-40D6-8CAD-A88869E7D761}
		{8EBD9BC2-6C66-4DB9-8C6C-9F32081F04FB} = {8EBD9BC2-6C66-4DB9-8C6C-9F32081F04FB}
		{0AAA6AF4-9DF7-48A4-B3CE-C206117EAA99} = {0AAA6AF4-9DF7-48A4-B3CE-C206117EAA99}
	EndProjectSection
EndProject
Project("{FAE04EC0-301F-11D3-BF4B-00C04F79EFBC}") = "SRIS.Framework", "SRIS.Framework\SRIS.Framework.csproj", "{8EBD9BC2-6C66-4DB9-8C6C-9F32081F04FB}"
	ProjectSection(ProjectDependencies) = postProject
		{BBADE614-FC7F-4AC8-963E-C854BB238BFF} = {BBADE614-FC7F-4AC8-963E-C854BB238BFF}
	EndProjectSection
EndProject
Project("{FAE04EC0-301F-11D3-BF4B-00C04F79EFBC}") = "SRIS.SPI", "SRIS.SPI\SRIS.SPI.csproj", "{0AAA6AF4-9DF7-48A4-B3CE-C206117EAA99}"
	ProjectSection(ProjectDependencies) = postProject
		{BBADE614-FC7F-4AC8-963E-C854BB238BFF} = {BBADE614-FC7F-4AC8-963E-C854BB238BFF}
	EndProjectSection
EndProject
Project("{FAE04EC0-301F-11D3-BF4B-00C04F79EFBC}") = "SRIS.Model", "SRIS.Model\SRIS.Model.csproj", "{BBADE614-FC7F-4AC8-963E-C854BB238BFF}"
EndProject
Project("{FAE04EC0-301F-11D3-BF4B-00C04F79EFBC}") = "SRIS.Common", "Common\SRIS.Common.csproj", "{7713FA48-811B-40D6-8CAD-A88869E7D761}"
	ProjectSection(ProjectDependencies) = postProject
		{BBADE614-FC7F-4AC8-963E-C854BB238BFF} = {BBADE614-FC7F-4AC8-963E-C854BB238BFF}
	EndProjectSection
EndProject
Project("{FAE04EC0-301F-11D3-BF4B-00C04F79EFBC}") = "SRIS", "SRIS\SRIS.csproj", "{5963C9DC-C680-4C0B-962E-3AAD306A8907}"
	ProjectSection(ProjectDependencies) = postProject
		{BBADE614-FC7F-4AC8-963E-C854BB238BFF} = {BBADE614-FC7F-4AC8-963E-C854BB238BFF}
		{390D0517-E721-4F59-B748-FCE53F488482} = {390D0517-E721-4F59-B748-FCE53F488482}
		{7713FA48-811B-40D6-8CAD-A88869E7D761} = {7713FA48-811B-40D6-8CAD-A88869E7D761}
		{0AAA6AF4-9DF7-48A4-B3CE-C206117EAA99} = {0AAA6AF4-9DF7-48A4-B3CE-C206117EAA99}
	EndProjectSection
EndProject
Global
	GlobalSection(SolutionConfigurationPlatforms) = preSolution
		Debug|Any CPU = Debug|Any CPU
		Release|Any CPU = Release|Any CPU
	EndGlobalSection
	GlobalSection(ProjectConfigurationPlatforms) = postSolution
		{390D0517-E721-4F59-B748-FCE53F488482}.Debug|Any CPU.ActiveCfg = Debug|Any CPU
		{390D0517-E721-4F59-B748-FCE53F488482}.Debug|Any CPU.Build.0 = Debug|Any CPU
		{390D0517-E721-4F59-B748-FCE53F488482}.Release|Any CPU.ActiveCfg = Release|Any CPU
		{390D0517-E721-4F59-B748-FCE53F488482}.Release|Any CPU.Build.0 = Release|Any CPU
		{8EBD9BC2-6C66-4DB9-8C6C-9F32081F04FB}.Debug|Any CPU.ActiveCfg = Debug|Any CPU
		{8EBD9BC2-6C66-4DB9-8C6C-9F32081F04FB}.Debug|Any CPU.Build.0 = Debug|Any CPU
		{8EBD9BC2-6C66-4DB9-8C6C-9F32081F04FB}.Release|Any CPU.ActiveCfg = Release|Any CPU
		{8EBD9BC2-6C66-4DB9-8C6C-9F32081F04FB}.Release|Any CPU.Build.0 = Release|Any CPU
		{0AAA6AF4-9DF7-48A4-B3CE-C206117EAA99}.Debug|Any CPU.ActiveCfg = Debug|Any CPU
		{0AAA6AF4-9DF7-48A4-B3CE-C206117EAA99}.Debug|Any CPU.Build.0 = Debug|Any CPU
		{0AAA6AF4-9DF7-48A4-B3CE-C206117EAA99}.Release|Any CPU.ActiveCfg = Release|Any CPU
		{0AAA6AF4-9DF7-48A4-B3CE-C206117EAA99}.Release|Any CPU.Build.0 = Release|Any CPU
		{BBADE614-FC7F-4AC8-963E-C854BB238BFF}.Debug|Any CPU.ActiveCfg = Debug|Any CPU
		{BBADE614-FC7F-4AC8-963E-C854BB238BFF}.Debug|Any CPU.Build.0 = Debug|Any CPU
		{BBADE614-FC7F-4AC8-963E-C854BB238BFF}.Release|Any CPU.ActiveCfg = Release|Any CPU
		{BBADE614-FC7F-4AC8-963E-C854BB238BFF}.Release|Any CPU.Build.0 = Release|Any CPU
		{7713FA48-811B-40D6-8CAD-A88869E7D761}.Debug|Any CPU.ActiveCfg = Debug|Any CPU
		{7713FA48-811B-40D6-8CAD-A88869E7D761}.Debug|Any CPU.Build.0 = Debug|Any CPU
		{7713FA48-811B-40D6-8CAD-A88869E7D761}.Release|Any CPU.ActiveCfg = Release|Any CPU
		{7713FA48-811B-40D6-8CAD-A88869E7D761}.Release|Any CPU.Build.0 = Release|Any CPU
		{5963C9DC-C680-4C0B-962E-3AAD306A8907}.Debug|Any CPU.ActiveCfg = Debug|Any CPU
		{5963C9DC-C680-4C0B-962E-3AAD306A8907}.Debug|Any CPU.Build.0 = Debug|Any CPU
		{5963C9DC-C680-4C0B-962E-3AAD306A8907}.Release|Any CPU.ActiveCfg = Release|Any CPU
		{5963C9DC-C680-4C0B-962E-3AAD306A8907}.Release|Any CPU.Build.0 = Release|Any CPU
	EndGlobalSection
	GlobalSection(SolutionProperties) = preSolution
		HideSolutionNode = FALSE
	EndGlobalSection
EndGlobal
